
Microsoft Visual Studio Solution File, Format Version 12.00
# Visual Studio 2013
VisualStudioVersion = 12.0.21005.1
MinimumVisualStudioVersion = 10.0.40219.1
Project("{8BC9CEB8-8B4A-11D0-8D11-00A0C91BC942}") = "dog", "dog\dog.vcxproj", "{64DA2EE6-1F9C-439A-9491-7248BECAA59E}"
EndProject
Project("{8BC9CEB8-8B4A-11D0-8D11-00A0C91BC942}") = "bone", "bone\bone.vcxproj", "{DC854567-3691-4CFF-BA9B-D4C455D45786}"
EndProject
Project("{8BC9CEB8-8B4A-11D0-8D11-00A0C91BC942}") = "food", "food\food.vcxproj", "{356A6233-B73B-48C9-99A1-D38A29EAE0D0}"
EndProject
Project("{8BC9CEB8-8B4A-11D0-8D11-00A0C91BC942}") = "bark", "bark\bark.vcxproj", "{91F25E77-D834-41A9-BAF5-5E7AD33F7D8F}"
EndProject
Project("{FAE04EC0-301F-11D3-BF4B-00C04F79EFBC}") = "face", "face\face.csproj", "{8B5AF817-5D11-41CE-A5AF-0356A19D4AFF}"
	ProjectSection(ProjectDependencies) = postProject
		{91F25E77-D834-41A9-BAF5-5E7AD33F7D8F} = {91F25E77-D834-41A9-BAF5-5E7AD33F7D8F}
	EndProjectSection
EndProject
Project("{8BC9CEB8-8B4A-11D0-8D11-00A0C91BC942}") = "dog32", "dog32\dog32.vcxproj", "{CF62BDAE-5416-4A10-B754-D7B7D9F6CC76}"
EndProject
Project("{8BC9CEB8-8B4A-11D0-8D11-00A0C91BC942}") = "dog64", "dog64\dog64.vcxproj", "{7BAC4C45-ED8C-4001-ADF2-D9884063BC82}"
EndProject
Project("{8BC9CEB8-8B4A-11D0-8D11-00A0C91BC942}") = "doghouse", "doghouse\doghouse.vcxproj", "{F33668B3-D90B-44C7-9729-3D9BCE8E546F}"
EndProject
Global
	GlobalSection(SolutionConfigurationPlatforms) = preSolution
		Debug|Any CPU = Debug|Any CPU
		Debug|Mixed Platforms = Debug|Mixed Platforms
		Debug|Win32 = Debug|Win32
		Debug|x64 = Debug|x64
		Release|Any CPU = Release|Any CPU
		Release|Mixed Platforms = Release|Mixed Platforms
		Release|Win32 = Release|Win32
		Release|x64 = Release|x64
	EndGlobalSection
	GlobalSection(ProjectConfigurationPlatforms) = postSolution
		{64DA2EE6-1F9C-439A-9491-7248BECAA59E}.Debug|Any CPU.ActiveCfg = Debug|Win32
		{64DA2EE6-1F9C-439A-9491-7248BECAA59E}.Debug|Mixed Platforms.ActiveCfg = Debug|Win32
		{64DA2EE6-1F9C-439A-9491-7248BECAA59E}.Debug|Mixed Platforms.Build.0 = Debug|Win32
		{64DA2EE6-1F9C-439A-9491-7248BECAA59E}.Debug|Win32.ActiveCfg = Debug|Win32
		{64DA2EE6-1F9C-439A-9491-7248BECAA59E}.Debug|Win32.Build.0 = Debug|Win32
		{64DA2EE6-1F9C-439A-9491-7248BECAA59E}.Debug|x64.ActiveCfg = Debug|x64
		{64DA2EE6-1F9C-439A-9491-7248BECAA59E}.Debug|x64.Build.0 = Debug|x64
		{64DA2EE6-1F9C-439A-9491-7248BECAA59E}.Release|Any CPU.ActiveCfg = Release|Win32
		{64DA2EE6-1F9C-439A-9491-7248BECAA59E}.Release|Mixed Platforms.ActiveCfg = Release|Win32
		{64DA2EE6-1F9C-439A-9491-7248BECAA59E}.Release|Mixed Platforms.Build.0 = Release|Win32
		{64DA2EE6-1F9C-439A-9491-7248BECAA59E}.Release|Win32.ActiveCfg = Release|Win32
		{64DA2EE6-1F9C-439A-9491-7248BECAA59E}.Release|Win32.Build.0 = Release|Win32
		{64DA2EE6-1F9C-439A-9491-7248BECAA59E}.Release|x64.ActiveCfg = Release|x64
		{64DA2EE6-1F9C-439A-9491-7248BECAA59E}.Release|x64.Build.0 = Release|x64
		{DC854567-3691-4CFF-BA9B-D4C455D45786}.Debug|Any CPU.ActiveCfg = Debug|Win32
		{DC854567-3691-4CFF-BA9B-D4C455D45786}.Debug|Mixed Platforms.ActiveCfg = Debug|Win32
		{DC854567-3691-4CFF-BA9B-D4C455D45786}.Debug|Mixed Platforms.Build.0 = Debug|Win32
		{DC854567-3691-4CFF-BA9B-D4C455D45786}.Debug|Mixed Platforms.Deploy.0 = Debug|Win32
		{DC854567-3691-4CFF-BA9B-D4C455D45786}.Debug|Win32.ActiveCfg = Debug|Win32
		{DC854567-3691-4CFF-BA9B-D4C455D45786}.Debug|Win32.Build.0 = Debug|Win32
		{DC854567-3691-4CFF-BA9B-D4C455D45786}.Debug|x64.ActiveCfg = Debug|x64
		{DC854567-3691-4CFF-BA9B-D4C455D45786}.Debug|x64.Build.0 = Debug|x64
		{DC854567-3691-4CFF-BA9B-D4C455D45786}.Release|Any CPU.ActiveCfg = Release|Win32
		{DC854567-3691-4CFF-BA9B-D4C455D45786}.Release|Mixed Platforms.ActiveCfg = Release|Win32
		{DC854567-3691-4CFF-BA9B-D4C455D45786}.Release|Mixed Platforms.Build.0 = Release|Win32
		{DC854567-3691-4CFF-BA9B-D4C455D45786}.Release|Win32.ActiveCfg = Release|Win32
		{DC854567-3691-4CFF-BA9B-D4C455D45786}.Release|Win32.Build.0 = Release|Win32
		{DC854567-3691-4CFF-BA9B-D4C455D45786}.Release|x64.ActiveCfg = Release|x64
		{DC854567-3691-4CFF-BA9B-D4C455D45786}.Release|x64.Build.0 = Release|x64
		{356A6233-B73B-48C9-99A1-D38A29EAE0D0}.Debug|Any CPU.ActiveCfg = Debug|Win32
		{356A6233-B73B-48C9-99A1-D38A29EAE0D0}.Debug|Mixed Platforms.ActiveCfg = Debug|Win32
		{356A6233-B73B-48C9-99A1-D38A29EAE0D0}.Debug|Mixed Platforms.Build.0 = Debug|Win32
		{356A6233-B73B-48C9-99A1-D38A29EAE0D0}.Debug|Mixed Platforms.Deploy.0 = Debug|Win32
		{356A6233-B73B-48C9-99A1-D38A29EAE0D0}.Debug|Win32.ActiveCfg = Debug|Win32
		{356A6233-B73B-48C9-99A1-D38A29EAE0D0}.Debug|Win32.Build.0 = Debug|Win32
		{356A6233-B73B-48C9-99A1-D38A29EAE0D0}.Debug|x64.ActiveCfg = Debug|x64
		{356A6233-B73B-48C9-99A1-D38A29EAE0D0}.Debug|x64.Build.0 = Debug|x64
		{356A6233-B73B-48C9-99A1-D38A29EAE0D0}.Release|Any CPU.ActiveCfg = Release|Win32
		{356A6233-B73B-48C9-99A1-D38A29EAE0D0}.Release|Mixed Platforms.ActiveCfg = Release|Win32
		{356A6233-B73B-48C9-99A1-D38A29EAE0D0}.Release|Mixed Platforms.Build.0 = Release|Win32
		{356A6233-B73B-48C9-99A1-D38A29EAE0D0}.Release|Win32.ActiveCfg = Release|Win32
		{356A6233-B73B-48C9-99A1-D38A29EAE0D0}.Release|Win32.Build.0 = Release|Win32
		{356A6233-B73B-48C9-99A1-D38A29EAE0D0}.Release|x64.ActiveCfg = Release|x64
		{356A6233-B73B-48C9-99A1-D38A29EAE0D0}.Release|x64.Build.0 = Release|x64
		{91F25E77-D834-41A9-BAF5-5E7AD33F7D8F}.Debug|Any CPU.ActiveCfg = Debug|Win32
		{91F25E77-D834-41A9-BAF5-5E7AD33F7D8F}.Debug|Mixed Platforms.ActiveCfg = Debug|Win32
		{91F25E77-D834-41A9-BAF5-5E7AD33F7D8F}.Debug|Mixed Platforms.Build.0 = Debug|Win32
		{91F25E77-D834-41A9-BAF5-5E7AD33F7D8F}.Debug|Mixed Platforms.Deploy.0 = Debug|Win32
		{91F25E77-D834-41A9-BAF5-5E7AD33F7D8F}.Debug|Win32.ActiveCfg = Debug|Win32
		{91F25E77-D834-41A9-BAF5-5E7AD33F7D8F}.Debug|Win32.Build.0 = Debug|Win32
		{91F25E77-D834-41A9-BAF5-5E7AD33F7D8F}.Debug|x64.ActiveCfg = Debug|x64
		{91F25E77-D834-41A9-BAF5-5E7AD33F7D8F}.Debug|x64.Build.0 = Debug|x64
		{91F25E77-D834-41A9-BAF5-5E7AD33F7D8F}.Release|Any CPU.ActiveCfg = Release|Win32
		{91F25E77-D834-41A9-BAF5-5E7AD33F7D8F}.Release|Mixed Platforms.ActiveCfg = Release|Win32
		{91F25E77-D834-41A9-BAF5-5E7AD33F7D8F}.Release|Mixed Platforms.Build.0 = Release|Win32
		{91F25E77-D834-41A9-BAF5-5E7AD33F7D8F}.Release|Win32.ActiveCfg = Release|Win32
		{91F25E77-D834-41A9-BAF5-5E7AD33F7D8F}.Release|Win32.Build.0 = Release|Win32
		{91F25E77-D834-41A9-BAF5-5E7AD33F7D8F}.Release|x64.ActiveCfg = Release|x64
		{91F25E77-D834-41A9-BAF5-5E7AD33F7D8F}.Release|x64.Build.0 = Release|x64
		{8B5AF817-5D11-41CE-A5AF-0356A19D4AFF}.Debug|Any CPU.ActiveCfg = Debug|Any CPU
		{8B5AF817-5D11-41CE-A5AF-0356A19D4AFF}.Debug|Any CPU.Build.0 = Debug|Any CPU
		{8B5AF817-5D11-41CE-A5AF-0356A19D4AFF}.Debug|Mixed Platforms.ActiveCfg = Debug|Any CPU
		{8B5AF817-5D11-41CE-A5AF-0356A19D4AFF}.Debug|Mixed Platforms.Build.0 = Debug|Any CPU
		{8B5AF817-5D11-41CE-A5AF-0356A19D4AFF}.Debug|Mixed Platforms.Deploy.0 = Debug|Any CPU
		{8B5AF817-5D11-41CE-A5AF-0356A19D4AFF}.Debug|Win32.ActiveCfg = Debug|Any CPU
		{8B5AF817-5D11-41CE-A5AF-0356A19D4AFF}.Debug|x64.ActiveCfg = Debug|Any CPU
		{8B5AF817-5D11-41CE-A5AF-0356A19D4AFF}.Release|Any CPU.ActiveCfg = Release|Any CPU
		{8B5AF817-5D11-41CE-A5AF-0356A19D4AFF}.Release|Any CPU.Build.0 = Release|Any CPU
		{8B5AF817-5D11-41CE-A5AF-0356A19D4AFF}.Release|Mixed Platforms.ActiveCfg = Release|Any CPU
		{8B5AF817-5D11-41CE-A5AF-0356A19D4AFF}.Release|Mixed Platforms.Build.0 = Release|Any CPU
		{8B5AF817-5D11-41CE-A5AF-0356A19D4AFF}.Release|Win32.ActiveCfg = Release|Any CPU
		{8B5AF817-5D11-41CE-A5AF-0356A19D4AFF}.Release|x64.ActiveCfg = Release|Any CPU
		{CF62BDAE-5416-4A10-B754-D7B7D9F6CC76}.Debug|Any CPU.ActiveCfg = Debug|Win32
		{CF62BDAE-5416-4A10-B754-D7B7D9F6CC76}.Debug|Mixed Platforms.ActiveCfg = Debug|Win32
		{CF62BDAE-5416-4A10-B754-D7B7D9F6CC76}.Debug|Mixed Platforms.Build.0 = Debug|Win32
		{CF62BDAE-5416-4A10-B754-D7B7D9F6CC76}.Debug|Win32.ActiveCfg = Debug|Win32
		{CF62BDAE-5416-4A10-B754-D7B7D9F6CC76}.Debug|Win32.Build.0 = Debug|Win32
		{CF62BDAE-5416-4A10-B754-D7B7D9F6CC76}.Debug|x64.ActiveCfg = Debug|Win32
		{CF62BDAE-5416-4A10-B754-D7B7D9F6CC76}.Release|Any CPU.ActiveCfg = Release|Win32
		{CF62BDAE-5416-4A10-B754-D7B7D9F6CC76}.Release|Mixed Platforms.ActiveCfg = Release|Win32
		{CF62BDAE-5416-4A10-B754-D7B7D9F6CC76}.Release|Mixed Platforms.Build.0 = Release|Win32
		{CF62BDAE-5416-4A10-B754-D7B7D9F6CC76}.Release|Win32.ActiveCfg = Release|Win32
		{CF62BDAE-5416-4A10-B754-D7B7D9F6CC76}.Release|Win32.Build.0 = Release|Win32
		{CF62BDAE-5416-4A10-B754-D7B7D9F6CC76}.Release|x64.ActiveCfg = Release|Win32
		{7BAC4C45-ED8C-4001-ADF2-D9884063BC82}.Debug|Any CPU.ActiveCfg = Debug|Win32
		{7BAC4C45-ED8C-4001-ADF2-D9884063BC82}.Debug|Mixed Platforms.ActiveCfg = Debug|x64
		{7BAC4C45-ED8C-4001-ADF2-D9884063BC82}.Debug|Mixed Platforms.Build.0 = Debug|x64
		{7BAC4C45-ED8C-4001-ADF2-D9884063BC82}.Debug|Win32.ActiveCfg = Debug|Win32
		{7BAC4C45-ED8C-4001-ADF2-D9884063BC82}.Debug|Win32.Build.0 = Debug|Win32
		{7BAC4C45-ED8C-4001-ADF2-D9884063BC82}.Debug|x64.ActiveCfg = Debug|Win32
		{7BAC4C45-ED8C-4001-ADF2-D9884063BC82}.Release|Any CPU.ActiveCfg = Release|Win32
		{7BAC4C45-ED8C-4001-ADF2-D9884063BC82}.Release|Mixed Platforms.ActiveCfg = Release|Win32
		{7BAC4C45-ED8C-4001-ADF2-D9884063BC82}.Release|Mixed Platforms.Build.0 = Release|Win32
		{7BAC4C45-ED8C-4001-ADF2-D9884063BC82}.Release|Win32.ActiveCfg = Release|Win32
		{7BAC4C45-ED8C-4001-ADF2-D9884063BC82}.Release|Win32.Build.0 = Release|Win32
		{7BAC4C45-ED8C-4001-ADF2-D9884063BC82}.Release|x64.ActiveCfg = Release|Win32
		{F33668B3-D90B-44C7-9729-3D9BCE8E546F}.Debug|Any CPU.ActiveCfg = Debug|Win32
		{F33668B3-D90B-44C7-9729-3D9BCE8E546F}.Debug|Mixed Platforms.ActiveCfg = Debug|Win32
		{F33668B3-D90B-44C7-9729-3D9BCE8E546F}.Debug|Mixed Platforms.Build.0 = Debug|Win32
		{F33668B3-D90B-44C7-9729-3D9BCE8E546F}.Debug|Win32.ActiveCfg = Debug|Win32
		{F33668B3-D90B-44C7-9729-3D9BCE8E546F}.Debug|Win32.Build.0 = Debug|Win32
		{F33668B3-D90B-44C7-9729-3D9BCE8E546F}.Debug|x64.ActiveCfg = Debug|Win32
		{F33668B3-D90B-44C7-9729-3D9BCE8E546F}.Release|Any CPU.ActiveCfg = Release|Win32
		{F33668B3-D90B-44C7-9729-3D9BCE8E546F}.Release|Mixed Platforms.ActiveCfg = Release|Win32
		{F33668B3-D90B-44C7-9729-3D9BCE8E546F}.Release|Mixed Platforms.Build.0 = Release|Win32
		{F33668B3-D90B-44C7-9729-3D9BCE8E546F}.Release|Win32.ActiveCfg = Release|Win32
		{F33668B3-D90B-44C7-9729-3D9BCE8E546F}.Release|Win32.Build.0 = Release|Win32
		{F33668B3-D90B-44C7-9729-3D9BCE8E546F}.Release|x64.ActiveCfg = Release|Win32
	EndGlobalSection
	GlobalSection(SolutionProperties) = preSolution
		HideSolutionNode = FALSE
	EndGlobalSection
EndGlobal
